# This file is automatically @generated by Cargo.
# It is not intended for manual editing.
version = 4

[[package]]
name = "cad-agent-tools"
version = "0.0.0"

[[package]]
name = "cad-artifact"
version = "0.0.0"

[[package]]
name = "cad-assemblies"
version = "0.0.0"

[[package]]
name = "cad-ast"
version = "0.0.0"
dependencies = [
 "cad-parser",
]

[[package]]
name = "cad-cli"
version = "0.0.0"

[[package]]
name = "cad-compiler"
version = "0.0.0"
dependencies = [
 "cad-ast",
 "cad-diagnostics",
 "cad-parser",
]

[[package]]
name = "cad-configurations"
version = "0.0.0"

[[package]]
name = "cad-constraints"
version = "0.0.0"

[[package]]
name = "cad-diagnostics"
version = "0.0.0"

[[package]]
name = "cad-feature-graph"
version = "0.0.0"

[[package]]
name = "cad-geometry-api"
version = "0.0.0"
dependencies = [
 "cad-ast",
 "cad-diagnostics",
 "cad-kernel-api",
 "cad-types",
 "cad-units",
]

[[package]]
name = "cad-geometry-runtime"
version = "0.0.0"

[[package]]
name = "cad-hir"
version = "0.0.0"
dependencies = [
 "cad-ast",
 "cad-diagnostics",
 "cad-parser",
 "cad-types",
 "cad-units",
]

[[package]]
name = "cad-interchange"
version = "0.0.0"

[[package]]
name = "cad-kernel-api"
version = "0.0.0"

[[package]]
name = "cad-lexer"
version = "0.0.0"
dependencies = [
 "cad-ast",
 "cad-diagnostics",
]

[[package]]
name = "cad-lsp"
version = "0.0.0"

[[package]]
name = "cad-occt-bridge"
version = "0.0.0"
dependencies = [
 "cad-kernel-api",
]

[[package]]
name = "cad-packages"
version = "0.0.0"

[[package]]
name = "cad-parser"
version = "0.0.0"
dependencies = [
 "cad-ast",
 "cad-diagnostics",
 "cad-lexer",
]

[[package]]
name = "cad-provenance"
version = "0.0.0"

[[package]]
name = "cad-query"
version = "0.0.0"

[[package]]
name = "cad-references"
version = "0.0.0"

[[package]]
name = "cad-requirements"
version = "0.0.0"

[[package]]
name = "cad-runtime"
version = "0.0.0"
dependencies = [
 "cad-ast",
 "cad-diagnostics",
 "cad-hir",
 "cad-parser",
 "cad-types",
 "cad-units",
]

[[package]]
name = "cad-types"
version = "0.0.0"

[[package]]
name = "cad-units"
version = "0.0.0"
dependencies = [
 "cad-types",
]

[[package]]
name = "cad-validation"
version = "0.0.0"
