# This file is automatically @generated by Cargo.
# It is not intended for manual editing.
version = 4

[[package]]
name = "cad-agent-tools"
version = "0.0.0"

[[package]]
name = "cad-artifact"
version = "0.0.0"

[[package]]
name = "cad-assemblies"
version = "0.0.0"

[[package]]
name = "cad-ast"
version = "0.0.0"

[[package]]
name = "cad-cli"
version = "0.0.0"

[[package]]
name = "cad-compiler"
version = "0.0.0"

[[package]]
name = "cad-configurations"
version = "0.0.0"

[[package]]
name = "cad-constraints"
version = "0.0.0"

[[package]]
name = "cad-diagnostics"
version = "0.0.0"

[[package]]
name = "cad-feature-graph"
version = "0.0.0"

[[package]]
name = "cad-geometry-api"
version = "0.0.0"

[[package]]
name = "cad-geometry-runtime"
version = "0.0.0"

[[package]]
name = "cad-hir"
version = "0.0.0"

[[package]]
name = "cad-interchange"
version = "0.0.0"

[[package]]
name = "cad-kernel-api"
version = "0.0.0"

[[package]]
name = "cad-lexer"
version = "0.0.0"

[[package]]
name = "cad-lsp"
version = "0.0.0"

[[package]]
name = "cad-occt-bridge"
version = "0.0.0"
dependencies = [
 "cad-kernel-api",
 "cc",
]

[[package]]
name = "cad-packages"
version = "0.0.0"

[[package]]
name = "cad-parser"
version = "0.0.0"

[[package]]
name = "cad-provenance"
version = "0.0.0"

[[package]]
name = "cad-query"
version = "0.0.0"

[[package]]
name = "cad-references"
version = "0.0.0"

[[package]]
name = "cad-requirements"
version = "0.0.0"

[[package]]
name = "cad-runtime"
version = "0.0.0"

[[package]]
name = "cad-types"
version = "0.0.0"

[[package]]
name = "cad-units"
version = "0.0.0"

[[package]]
name = "cad-validation"
version = "0.0.0"

[[package]]
name = "cc"
version = "1.4.5"
source = "registry+https://github.com/rust-lang/crates.io-index"
checksum = "005ec2760ca554fae18df7a11195552ec576cd665632a881bc011d5bb2fd4d80"
dependencies = [
 "find-msvc-tools",
 "shlex",
]

[[package]]
name = "find-msvc-tools"
version = "0.1.12"
source = "registry+https://github.com/rust-lang/crates.io-index"
checksum = "3e0f1c7c3a72c66fd80abe965175f7523475c0489a87d3ff9d6e8c87d87a9d2d"

[[package]]
name = "shlex"
version = "2.0.1"
source = "registry+https://github.com/rust-lang/crates.io-index"
checksum = "f8fadd59c855ef2080decdef8ff161eb6661b86933c9d82e5ba29dc602a55aba"
